
Microsoft Visual Studio Solution File, Format Version 12.00
# Visual Studio Version 16
VisualStudioVersion = 16.0.29025.244
MinimumVisualStudioVersion = 10.0.40219.1
Project("{FAE04EC0-301F-11D3-BF4B-00C04F79EFBC}") = "Software_Estacionamiento", "Software_Estacionamiento\Software_Estacionamiento.csproj", "{55E16465-AA87-48DF-B085-6C84BB3D5AE6}"
EndProject
Global
	GlobalSection(SolutionConfigurationPlatforms) = preSolution
		Debug|Any CPU = Debug|Any CPU
		Release|Any CPU = Release|Any CPU
	EndGlobalSection
	GlobalSection(ProjectConfigurationPlatforms) = postSolution
		{55E16465-AA87-48DF-B085-6C84BB3D5AE6}.Debug|Any CPU.ActiveCfg = Debug|Any CPU
		{55E16465-AA87-48DF-B085-6C84BB3D5AE6}.Debug|Any CPU.Build.0 = Debug|Any CPU
		{55E16465-AA87-48DF-B085-6C84BB3D5AE6}.Release|Any CPU.ActiveCfg = Release|Any CPU
		{55E16465-AA87-48DF-B085-6C84BB3D5AE6}.Release|Any CPU.Build.0 = Release|Any CPU
	EndGlobalSection
	GlobalSection(SolutionProperties) = preSolution
		HideSolutionNode = FALSE
	EndGlobalSection
	GlobalSection(ExtensibilityGlobals) = postSolution
		SolutionGuid = {A886A942-962A-42A3-B7BA-8E024FFD5AE3}
	EndGlobalSection
EndGlobal
